
Microsoft Visual Studio Solution File, Format Version 12.00
# Visual Studio Version 17
VisualStudioVersion = 17.5.33530.505
MinimumVisualStudioVersion = 10.0.40219.1
Project("{9A19103F-16F7-4668-BE54-9A1E7A4F7556}") = "FIXXOUPPGIFT", "FIXXOUPPGIFT\FIXXOUPPGIFT.csproj", "{24A1D8F4-4C44-4012-B4E9-E330BC9D6936}"
EndProject
Project("{2150E333-8FDC-42A3-9474-1A3956D46DE8}") = "DATABASE", "DATABASE", "{1F33A9CA-9BDF-41D0-AD8C-EB37ABB59DE3}"
	ProjectSection(SolutionItems) = preProject
		README.TXT = README.TXT
	EndProjectSection
EndProject
Project("{FAE04EC0-301F-11D3-BF4B-00C04F79EFBC}") = "Apibackend", "Apibackend\Apibackend.csproj", "{418FD975-FCD2-4696-9845-BE4111811B77}"
EndProject
Global
	GlobalSection(SolutionConfigurationPlatforms) = preSolution
		Debug|Any CPU = Debug|Any CPU
		Release|Any CPU = Release|Any CPU
	EndGlobalSection
	GlobalSection(ProjectConfigurationPlatforms) = postSolution
		{24A1D8F4-4C44-4012-B4E9-E330BC9D6936}.Debug|Any CPU.ActiveCfg = Debug|Any CPU
		{24A1D8F4-4C44-4012-B4E9-E330BC9D6936}.Debug|Any CPU.Build.0 = Debug|Any CPU
		{24A1D8F4-4C44-4012-B4E9-E330BC9D6936}.Release|Any CPU.ActiveCfg = Release|Any CPU
		{24A1D8F4-4C44-4012-B4E9-E330BC9D6936}.Release|Any CPU.Build.0 = Release|Any CPU
		{418FD975-FCD2-4696-9845-BE4111811B77}.Debug|Any CPU.ActiveCfg = Debug|Any CPU
		{418FD975-FCD2-4696-9845-BE4111811B77}.Debug|Any CPU.Build.0 = Debug|Any CPU
		{418FD975-FCD2-4696-9845-BE4111811B77}.Release|Any CPU.ActiveCfg = Release|Any CPU
		{418FD975-FCD2-4696-9845-BE4111811B77}.Release|Any CPU.Build.0 = Release|Any CPU
	EndGlobalSection
	GlobalSection(SolutionProperties) = preSolution
		HideSolutionNode = FALSE
	EndGlobalSection
	GlobalSection(ExtensibilityGlobals) = postSolution
		SolutionGuid = {5B4F4CBF-8AA6-48B6-8F58-EBCDF2135510}
	EndGlobalSection
EndGlobal
